
Microsoft Visual Studio Solution File, Format Version 12.00
# Visual Studio Version 17
VisualStudioVersion = 17.2.32630.192
MinimumVisualStudioVersion = 10.0.40219.1
Project("{FAE04EC0-301F-11D3-BF4B-00C04F79EFBC}") = "LSFindUser_Web", "LSFindUser_Web\LSFindUser_Web.csproj", "{EF899495-9568-4331-9A6B-42664AE63264}"
EndProject
Global
	GlobalSection(SolutionConfigurationPlatforms) = preSolution
		Debug|Any CPU = Debug|Any CPU
		Release|Any CPU = Release|Any CPU
	EndGlobalSection
	GlobalSection(ProjectConfigurationPlatforms) = postSolution
		{EF899495-9568-4331-9A6B-42664AE63264}.Debug|Any CPU.ActiveCfg = Debug|Any CPU
		{EF899495-9568-4331-9A6B-42664AE63264}.Debug|Any CPU.Build.0 = Debug|Any CPU
		{EF899495-9568-4331-9A6B-42664AE63264}.Release|Any CPU.ActiveCfg = Release|Any CPU
		{EF899495-9568-4331-9A6B-42664AE63264}.Release|Any CPU.Build.0 = Release|Any CPU
	EndGlobalSection
	GlobalSection(SolutionProperties) = preSolution
		HideSolutionNode = FALSE
	EndGlobalSection
	GlobalSection(ExtensibilityGlobals) = postSolution
		SolutionGuid = {A9FB7A13-2DBC-446A-B869-B9099F9A5EAC}
	EndGlobalSection
EndGlobal
